
Microsoft Visual Studio Solution File, Format Version 12.00
# Visual Studio Version 16
VisualStudioVersion = 16.0.34729.46
MinimumVisualStudioVersion = 10.0.40219.1
Project("{FAE04EC0-301F-11D3-BF4B-00C04F79EFBC}") = "Pingvin", "Pingvin\Pingvin.csproj", "{51E390AE-483D-4BD6-AD6D-BF2E5393729B}"
EndProject
Global
	GlobalSection(SolutionConfigurationPlatforms) = preSolution
		Debug|Any CPU = Debug|Any CPU
		Release|Any CPU = Release|Any CPU
	EndGlobalSection
	GlobalSection(ProjectConfigurationPlatforms) = postSolution
		{51E390AE-483D-4BD6-AD6D-BF2E5393729B}.Debug|Any CPU.ActiveCfg = Debug|Any CPU
		{51E390AE-483D-4BD6-AD6D-BF2E5393729B}.Debug|Any CPU.Build.0 = Debug|Any CPU
		{51E390AE-483D-4BD6-AD6D-BF2E5393729B}.Release|Any CPU.ActiveCfg = Release|Any CPU
		{51E390AE-483D-4BD6-AD6D-BF2E5393729B}.Release|Any CPU.Build.0 = Release|Any CPU
	EndGlobalSection
	GlobalSection(SolutionProperties) = preSolution
		HideSolutionNode = FALSE
	EndGlobalSection
	GlobalSection(ExtensibilityGlobals) = postSolution
		SolutionGuid = {864F3BBD-ED04-4963-A77C-F9F1B2006623}
	EndGlobalSection
EndGlobal
